{
  "object": {
    "pins": [
      {
        "package": "Bolts",
        "repositoryURL": "https://github.com/rocxteady/Bolts-ObjC",
        "state": {
          "branch": null,
          "revision": "31db615d931aa7431c3f744de5fe74157e3f9cc9",
          "version": null
        }
      }
    ]
  },
  "version": 1
}
